// !$*UTF8*$!
{
	archiveVersion = 1;
	classes = {
	};
	objectVersion = 46;
	objects = {

/* Begin PBXBuildFile section */
		D809DA7015887B9A00051787 /* PostTableViewController.m in Sources */ = {isa = PBXBuildFile; fileRef = D809DA6F15887B9A00051787 /* PostTableViewController.m */; };
		D809DA78158882D100051787 /* PostCell.m in Sources */ = {isa = PBXBuildFile; fileRef = D809DA77158882D100051787 /* PostCell.m */; };
		D8279CAD1585E3170084C8AA /* PostColumnVIew.m in Sources */ = {isa = PBXBuildFile; fileRef = D8279CAC1585E3170084C8AA /* PostColumnVIew.m */; };
		D8279CB3158618AE0084C8AA /* xkily.jpg in Resources */ = {isa = PBXBuildFile; fileRef = D8279CB2158618AE0084C8AA /* xkily.jpg */; };
		D832B9FE15899A7B00B0301C /* ReadMe in Resources */ = {isa = PBXBuildFile; fileRef = D832B9FD15899A7B00B0301C /* ReadMe */; };
		D8438143158AD995004A28C1 /* FZZhunYuan-M02T.ttf in Resources */ = {isa = PBXBuildFile; fileRef = D8438142158AD995004A28C1 /* FZZhunYuan-M02T.ttf */; };
		D8438145158ADB60004A28C1 /* STZHONGS.TTF in Resources */ = {isa = PBXBuildFile; fileRef = D8438144158ADB60004A28C1 /* STZHONGS.TTF */; };
		D8497E1B1585C4E400426273 /* UIKit.framework in Frameworks */ = {isa = PBXBuildFile; fileRef = D8497E1A1585C4E400426273 /* UIKit.framework */; };
		D8497E1D1585C4E400426273 /* Foundation.framework in Frameworks */ = {isa = PBXBuildFile; fileRef = D8497E1C1585C4E400426273 /* Foundation.framework */; };
		D8497E1F1585C4E400426273 /* CoreGraphics.framework in Frameworks */ = {isa = PBXBuildFile; fileRef = D8497E1E1585C4E400426273 /* CoreGraphics.framework */; };
		D8497E251585C4E500426273 /* InfoPlist.strings in Resources */ = {isa = PBXBuildFile; fileRef = D8497E231585C4E500426273 /* InfoPlist.strings */; };
		D8497E271585C4E500426273 /* main.m in Sources */ = {isa = PBXBuildFile; fileRef = D8497E261585C4E500426273 /* main.m */; };
		D8497E2B1585C4E500426273 /* DaPengTi2AppDelegate.m in Sources */ = {isa = PBXBuildFile; fileRef = D8497E2A1585C4E500426273 /* DaPengTi2AppDelegate.m */; };
		D8497E2E1585C4E500426273 /* MainStoryboard.storyboard in Resources */ = {isa = PBXBuildFile; fileRef = D8497E2C1585C4E500426273 /* MainStoryboard.storyboard */; };
		D8497E311585C4E500426273 /* DaPengTi2ViewController.m in Sources */ = {isa = PBXBuildFile; fileRef = D8497E301585C4E500426273 /* DaPengTi2ViewController.m */; };
		D8497E3D1585C5BF00426273 /* HTMLNode.m in Sources */ = {isa = PBXBuildFile; fileRef = D8497E391585C5BF00426273 /* HTMLNode.m */; };
		D8497E3E1585C5BF00426273 /* HTMLParser.m in Sources */ = {isa = PBXBuildFile; fileRef = D8497E3B1585C5BF00426273 /* HTMLParser.m */; };
		D8497E3F1585C5BF00426273 /* README.md in Resources */ = {isa = PBXBuildFile; fileRef = D8497E3C1585C5BF00426273 /* README.md */; };
		D8497E411585C60D00426273 /* libxml2.dylib in Frameworks */ = {isa = PBXBuildFile; fileRef = D8497E401585C60D00426273 /* libxml2.dylib */; };
		D8497E431585C79200426273 /* CoreText.framework in Frameworks */ = {isa = PBXBuildFile; fileRef = D8497E421585C79200426273 /* CoreText.framework */; };
		D8497E461585C84600426273 /* test.txt in Resources */ = {isa = PBXBuildFile; fileRef = D8497E451585C84600426273 /* test.txt */; };
		D8497E4A1585C88300426273 /* PostView.m in Sources */ = {isa = PBXBuildFile; fileRef = D8497E491585C88300426273 /* PostView.m */; };
		D8497E511585CA5200426273 /* MarkupParser.m in Sources */ = {isa = PBXBuildFile; fileRef = D8497E501585CA5200426273 /* MarkupParser.m */; };
		D855AEDC1592B31B00407926 /* PostTitleView.m in Sources */ = {isa = PBXBuildFile; fileRef = D855AEDB1592B31B00407926 /* PostTitleView.m */; };
		D8887B5815883E1000BD0083 /* Post.m in Sources */ = {isa = PBXBuildFile; fileRef = D8887B5715883E1000BD0083 /* Post.m */; };
		D8EADA35159993630066F51D /* CoreData.framework in Frameworks */ = {isa = PBXBuildFile; fileRef = D8EADA34159993630066F51D /* CoreData.framework */; };
		D8EADA39159993EF0066F51D /* Database.xcdatamodeld in Sources */ = {isa = PBXBuildFile; fileRef = D8EADA37159993EF0066F51D /* Database.xcdatamodeld */; };
		D8F70B2C1586E4CB00A0C7EC /* 133941222622892.jpg in Resources */ = {isa = PBXBuildFile; fileRef = D8F70B2A1586E4CB00A0C7EC /* 133941222622892.jpg */; };
		D8F70B2D1586E4CB00A0C7EC /* 133941243718342.jpg in Resources */ = {isa = PBXBuildFile; fileRef = D8F70B2B1586E4CB00A0C7EC /* 133941243718342.jpg */; };
/* End PBXBuildFile section */

/* Begin PBXFileReference section */
		D809DA6E15887B9A00051787 /* PostTableViewController.h */ = {isa = PBXFileReference; fileEncoding = 4; lastKnownFileType = sourcecode.c.h; path = PostTableViewController.h; sourceTree = "<group>"; };
		D809DA6F15887B9A00051787 /* PostTableViewController.m */ = {isa = PBXFileReference; fileEncoding = 4; lastKnownFileType = sourcecode.c.objc; path = PostTableViewController.m; sourceTree = "<group>"; };
		D809DA76158882D100051787 /* PostCell.h */ = {isa = PBXFileReference; fileEncoding = 4; lastKnownFileType = sourcecode.c.h; name = PostCell.h; path = Views/PostCell.h; sourceTree = "<group>"; };
		D809DA77158882D100051787 /* PostCell.m */ = {isa = PBXFileReference; fileEncoding = 4; lastKnownFileType = sourcecode.c.objc; name = PostCell.m; path = Views/PostCell.m; sourceTree = "<group>"; };
		D8279CAB1585E3170084C8AA /* PostColumnVIew.h */ = {isa = PBXFileReference; fileEncoding = 4; lastKnownFileType = sourcecode.c.h; path = PostColumnVIew.h; sourceTree = "<group>"; };
		D8279CAC1585E3170084C8AA /* PostColumnVIew.m */ = {isa = PBXFileReference; fileEncoding = 4; lastKnownFileType = sourcecode.c.objc; path = PostColumnVIew.m; sourceTree = "<group>"; };
		D8279CB2158618AE0084C8AA /* xkily.jpg */ = {isa = PBXFileReference; lastKnownFileType = image.jpeg; name = xkily.jpg; path = Resources/xkily.jpg; sourceTree = "<group>"; };
		D832B9FD15899A7B00B0301C /* ReadMe */ = {isa = PBXFileReference; fileEncoding = 4; lastKnownFileType = text; path = ReadMe; sourceTree = "<group>"; };
		D8438142158AD995004A28C1 /* FZZhunYuan-M02T.ttf */ = {isa = PBXFileReference; lastKnownFileType = file; name = "FZZhunYuan-M02T.ttf"; path = "Resources/FZZhunYuan-M02T.ttf"; sourceTree = "<group>"; };
		D8438144158ADB60004A28C1 /* STZHONGS.TTF */ = {isa = PBXFileReference; lastKnownFileType = file; name = STZHONGS.TTF; path = Resources/STZHONGS.TTF; sourceTree = "<group>"; };
		D8497E161585C4E400426273 /* DaPengTi2.app */ = {isa = PBXFileReference; explicitFileType = wrapper.application; includeInIndex = 0; path = DaPengTi2.app; sourceTree = BUILT_PRODUCTS_DIR; };
		D8497E1A1585C4E400426273 /* UIKit.framework */ = {isa = PBXFileReference; lastKnownFileType = wrapper.framework; name = UIKit.framework; path = System/Library/Frameworks/UIKit.framework; sourceTree = SDKROOT; };
		D8497E1C1585C4E400426273 /* Foundation.framework */ = {isa = PBXFileReference; lastKnownFileType = wrapper.framework; name = Foundation.framework; path = System/Library/Frameworks/Foundation.framework; sourceTree = SDKROOT; };
		D8497E1E1585C4E400426273 /* CoreGraphics.framework */ = {isa = PBXFileReference; lastKnownFileType = wrapper.framework; name = CoreGraphics.framework; path = System/Library/Frameworks/CoreGraphics.framework; sourceTree = SDKROOT; };
		D8497E221585C4E500426273 /* DaPengTi2-Info.plist */ = {isa = PBXFileReference; lastKnownFileType = text.plist.xml; path = "DaPengTi2-Info.plist"; sourceTree = "<group>"; };
		D8497E241585C4E500426273 /* en */ = {isa = PBXFileReference; lastKnownFileType = text.plist.strings; name = en; path = en.lproj/InfoPlist.strings; sourceTree = "<group>"; };
		D8497E261585C4E500426273 /* main.m */ = {isa = PBXFileReference; lastKnownFileType = sourcecode.c.objc; path = main.m; sourceTree = "<group>"; };
		D8497E281585C4E500426273 /* DaPengTi2-Prefix.pch */ = {isa = PBXFileReference; lastKnownFileType = sourcecode.c.h; path = "DaPengTi2-Prefix.pch"; sourceTree = "<group>"; };
		D8497E291585C4E500426273 /* DaPengTi2AppDelegate.h */ = {isa = PBXFileReference; lastKnownFileType = sourcecode.c.h; path = DaPengTi2AppDelegate.h; sourceTree = "<group>"; };
		D8497E2A1585C4E500426273 /* DaPengTi2AppDelegate.m */ = {isa = PBXFileReference; lastKnownFileType = sourcecode.c.objc; path = DaPengTi2AppDelegate.m; sourceTree = "<group>"; };
		D8497E2D1585C4E500426273 /* en */ = {isa = PBXFileReference; lastKnownFileType = file.storyboard; name = en; path = en.lproj/MainStoryboard.storyboard; sourceTree = "<group>"; };
		D8497E2F1585C4E500426273 /* DaPengTi2ViewController.h */ = {isa = PBXFileReference; lastKnownFileType = sourcecode.c.h; path = DaPengTi2ViewController.h; sourceTree = "<group>"; };
		D8497E301585C4E500426273 /* DaPengTi2ViewController.m */ = {isa = PBXFileReference; lastKnownFileType = sourcecode.c.objc; path = DaPengTi2ViewController.m; sourceTree = "<group>"; };
		D8497E381585C5BF00426273 /* HTMLNode.h */ = {isa = PBXFileReference; fileEncoding = 4; lastKnownFileType = sourcecode.c.h; name = HTMLNode.h; path = lib/HTMLNode.h; sourceTree = "<group>"; };
		D8497E391585C5BF00426273 /* HTMLNode.m */ = {isa = PBXFileReference; fileEncoding = 4; lastKnownFileType = sourcecode.c.objc; name = HTMLNode.m; path = lib/HTMLNode.m; sourceTree = "<group>"; };
		D8497E3A1585C5BF00426273 /* HTMLParser.h */ = {isa = PBXFileReference; fileEncoding = 4; lastKnownFileType = sourcecode.c.h; name = HTMLParser.h; path = lib/HTMLParser.h; sourceTree = "<group>"; };
		D8497E3B1585C5BF00426273 /* HTMLParser.m */ = {isa = PBXFileReference; fileEncoding = 4; lastKnownFileType = sourcecode.c.objc; name = HTMLParser.m; path = lib/HTMLParser.m; sourceTree = "<group>"; };
		D8497E3C1585C5BF00426273 /* README.md */ = {isa = PBXFileReference; fileEncoding = 4; lastKnownFileType = text; name = README.md; path = lib/README.md; sourceTree = "<group>"; };
		D8497E401585C60D00426273 /* libxml2.dylib */ = {isa = PBXFileReference; lastKnownFileType = "compiled.mach-o.dylib"; name = libxml2.dylib; path = usr/lib/libxml2.dylib; sourceTree = SDKROOT; };
		D8497E421585C79200426273 /* CoreText.framework */ = {isa = PBXFileReference; lastKnownFileType = wrapper.framework; name = CoreText.framework; path = System/Library/Frameworks/CoreText.framework; sourceTree = SDKROOT; };
		D8497E451585C84600426273 /* test.txt */ = {isa = PBXFileReference; fileEncoding = 4; lastKnownFileType = text; name = test.txt; path = Resources/test.txt; sourceTree = "<group>"; };
		D8497E481585C88300426273 /* PostView.h */ = {isa = PBXFileReference; fileEncoding = 4; lastKnownFileType = sourcecode.c.h; path = PostView.h; sourceTree = "<group>"; };
		D8497E491585C88300426273 /* PostView.m */ = {isa = PBXFileReference; fileEncoding = 4; lastKnownFileType = sourcecode.c.objc; path = PostView.m; sourceTree = "<group>"; };
		D8497E4F1585CA5200426273 /* MarkupParser.h */ = {isa = PBXFileReference; fileEncoding = 4; lastKnownFileType = sourcecode.c.h; name = MarkupParser.h; path = lib/MarkupParser.h; sourceTree = "<group>"; };
		D8497E501585CA5200426273 /* MarkupParser.m */ = {isa = PBXFileReference; fileEncoding = 4; lastKnownFileType = sourcecode.c.objc; name = MarkupParser.m; path = lib/MarkupParser.m; sourceTree = "<group>"; };
		D855AEDA1592B31B00407926 /* PostTitleView.h */ = {isa = PBXFileReference; fileEncoding = 4; lastKnownFileType = sourcecode.c.h; name = PostTitleView.h; path = Views/PostTitleView.h; sourceTree = "<group>"; };
		D855AEDB1592B31B00407926 /* PostTitleView.m */ = {isa = PBXFileReference; fileEncoding = 4; lastKnownFileType = sourcecode.c.objc; name = PostTitleView.m; path = Views/PostTitleView.m; sourceTree = "<group>"; };
		D8887B5615883E1000BD0083 /* Post.h */ = {isa = PBXFileReference; fileEncoding = 4; lastKnownFileType = sourcecode.c.h; name = Post.h; path = Model/Post.h; sourceTree = "<group>"; };
		D8887B5715883E1000BD0083 /* Post.m */ = {isa = PBXFileReference; fileEncoding = 4; lastKnownFileType = sourcecode.c.objc; name = Post.m; path = Model/Post.m; sourceTree = "<group>"; };
		D8EADA34159993630066F51D /* CoreData.framework */ = {isa = PBXFileReference; lastKnownFileType = wrapper.framework; name = CoreData.framework; path = System/Library/Frameworks/CoreData.framework; sourceTree = SDKROOT; };
		D8EADA38159993EF0066F51D /* DataBase.xcdatamodel */ = {isa = PBXFileReference; lastKnownFileType = wrapper.xcdatamodel; path = DataBase.xcdatamodel; sourceTree = "<group>"; };
		D8F70B2A1586E4CB00A0C7EC /* 133941222622892.jpg */ = {isa = PBXFileReference; lastKnownFileType = image.jpeg; name = 133941222622892.jpg; path = Resources/133941222622892.jpg; sourceTree = "<group>"; };
		D8F70B2B1586E4CB00A0C7EC /* 133941243718342.jpg */ = {isa = PBXFileReference; lastKnownFileType = image.jpeg; name = 133941243718342.jpg; path = Resources/133941243718342.jpg; sourceTree = "<group>"; };
/* End PBXFileReference section */

/* Begin PBXFrameworksBuildPhase section */
		D8497E131585C4E400426273 /* Frameworks */ = {
			isa = PBXFrameworksBuildPhase;
			buildActionMask = 2147483647;
			files = (
				D8EADA35159993630066F51D /* CoreData.framework in Frameworks */,
				D8497E431585C79200426273 /* CoreText.framework in Frameworks */,
				D8497E411585C60D00426273 /* libxml2.dylib in Frameworks */,
				D8497E1B1585C4E400426273 /* UIKit.framework in Frameworks */,
				D8497E1D1585C4E400426273 /* Foundation.framework in Frameworks */,
				D8497E1F1585C4E400426273 /* CoreGraphics.framework in Frameworks */,
			);
			runOnlyForDeploymentPostprocessing = 0;
		};
/* End PBXFrameworksBuildPhase section */

/* Begin PBXGroup section */
		D8497E0B1585C4E300426273 = {
			isa = PBXGroup;
			children = (
				D8497E201585C4E400426273 /* DaPengTi2 */,
				D8497E191585C4E400426273 /* Frameworks */,
				D8497E171585C4E400426273 /* Products */,
			);
			sourceTree = "<group>";
		};
		D8497E171585C4E400426273 /* Products */ = {
			isa = PBXGroup;
			children = (
				D8497E161585C4E400426273 /* DaPengTi2.app */,
			);
			name = Products;
			sourceTree = "<group>";
		};
		D8497E191585C4E400426273 /* Frameworks */ = {
			isa = PBXGroup;
			children = (
				D8EADA34159993630066F51D /* CoreData.framework */,
				D8497E421585C79200426273 /* CoreText.framework */,
				D8497E401585C60D00426273 /* libxml2.dylib */,
				D8497E1A1585C4E400426273 /* UIKit.framework */,
				D8497E1C1585C4E400426273 /* Foundation.framework */,
				D8497E1E1585C4E400426273 /* CoreGraphics.framework */,
			);
			name = Frameworks;
			sourceTree = "<group>";
		};
		D8497E201585C4E400426273 /* DaPengTi2 */ = {
			isa = PBXGroup;
			children = (
				D8887B5415883DE600BD0083 /* Model */,
				D8497E471585C86A00426273 /* Views */,
				D8497E441585C80B00426273 /* Resources */,
				D8497E371585C57D00426273 /* lib */,
				D8497E2C1585C4E500426273 /* MainStoryboard.storyboard */,
				D8497E4F1585CA5200426273 /* MarkupParser.h */,
				D8497E501585CA5200426273 /* MarkupParser.m */,
				D8497E2F1585C4E500426273 /* DaPengTi2ViewController.h */,
				D8497E301585C4E500426273 /* DaPengTi2ViewController.m */,
				D809DA6E15887B9A00051787 /* PostTableViewController.h */,
				D809DA6F15887B9A00051787 /* PostTableViewController.m */,
				D8497E211585C4E500426273 /* Supporting Files */,
				D832B9FD15899A7B00B0301C /* ReadMe */,
				D8EADA37159993EF0066F51D /* Database.xcdatamodeld */,
			);
			path = DaPengTi2;
			sourceTree = "<group>";
		};
		D8497E211585C4E500426273 /* Supporting Files */ = {
			isa = PBXGroup;
			children = (
				D8497E291585C4E500426273 /* DaPengTi2AppDelegate.h */,
				D8497E2A1585C4E500426273 /* DaPengTi2AppDelegate.m */,
				D8497E221585C4E500426273 /* DaPengTi2-Info.plist */,
				D8497E231585C4E500426273 /* InfoPlist.strings */,
				D8497E261585C4E500426273 /* main.m */,
				D8497E281585C4E500426273 /* DaPengTi2-Prefix.pch */,
			);
			name = "Supporting Files";
			sourceTree = "<group>";
		};
		D8497E371585C57D00426273 /* lib */ = {
			isa = PBXGroup;
			children = (
				D8497E3A1585C5BF00426273 /* HTMLParser.h */,
				D8497E3B1585C5BF00426273 /* HTMLParser.m */,
				D8497E381585C5BF00426273 /* HTMLNode.h */,
				D8497E391585C5BF00426273 /* HTMLNode.m */,
				D8497E3C1585C5BF00426273 /* README.md */,
			);
			name = lib;
			sourceTree = "<group>";
		};
		D8497E441585C80B00426273 /* Resources */ = {
			isa = PBXGroup;
			children = (
				D8438144158ADB60004A28C1 /* STZHONGS.TTF */,
				D8438142158AD995004A28C1 /* FZZhunYuan-M02T.ttf */,
				D8F70B2A1586E4CB00A0C7EC /* 133941222622892.jpg */,
				D8F70B2B1586E4CB00A0C7EC /* 133941243718342.jpg */,
				D8279CB2158618AE0084C8AA /* xkily.jpg */,
				D8497E451585C84600426273 /* test.txt */,
			);
			name = Resources;
			sourceTree = "<group>";
		};
		D8497E471585C86A00426273 /* Views */ = {
			isa = PBXGroup;
			children = (
				D8497E481585C88300426273 /* PostView.h */,
				D8497E491585C88300426273 /* PostView.m */,
				D8279CAB1585E3170084C8AA /* PostColumnVIew.h */,
				D8279CAC1585E3170084C8AA /* PostColumnVIew.m */,
				D809DA76158882D100051787 /* PostCell.h */,
				D809DA77158882D100051787 /* PostCell.m */,
				D855AEDA1592B31B00407926 /* PostTitleView.h */,
				D855AEDB1592B31B00407926 /* PostTitleView.m */,
			);
			name = Views;
			sourceTree = "<group>";
		};
		D8887B5415883DE600BD0083 /* Model */ = {
			isa = PBXGroup;
			children = (
				D8887B5615883E1000BD0083 /* Post.h */,
				D8887B5715883E1000BD0083 /* Post.m */,
			);
			name = Model;
			sourceTree = "<group>";
		};
/* End PBXGroup section */

/* Begin PBXNativeTarget section */
		D8497E151585C4E400426273 /* DaPengTi2 */ = {
			isa = PBXNativeTarget;
			buildConfigurationList = D8497E341585C4E500426273 /* Build configuration list for PBXNativeTarget "DaPengTi2" */;
			buildPhases = (
				D8497E121585C4E400426273 /* Sources */,
				D8497E131585C4E400426273 /* Frameworks */,
				D8497E141585C4E400426273 /* Resources */,
			);
			buildRules = (
			);
			dependencies = (
			);
			name = DaPengTi2;
			productName = DaPengTi2;
			productReference = D8497E161585C4E400426273 /* DaPengTi2.app */;
			productType = "com.apple.product-type.application";
		};
/* End PBXNativeTarget section */

/* Begin PBXProject section */
		D8497E0D1585C4E300426273 /* Project object */ = {
			isa = PBXProject;
			attributes = {
				CLASSPREFIX = DaPengTi2;
				LastUpgradeCheck = 0430;
			};
			buildConfigurationList = D8497E101585C4E300426273 /* Build configuration list for PBXProject "DaPengTi2" */;
			compatibilityVersion = "Xcode 3.2";
			developmentRegion = English;
			hasScannedForEncodings = 0;
			knownRegions = (
				en,
			);
			mainGroup = D8497E0B1585C4E300426273;
			productRefGroup = D8497E171585C4E400426273 /* Products */;
			projectDirPath = "";
			projectRoot = "";
			targets = (
				D8497E151585C4E400426273 /* DaPengTi2 */,
			);
		};
/* End PBXProject section */

/* Begin PBXResourcesBuildPhase section */
		D8497E141585C4E400426273 /* Resources */ = {
			isa = PBXResourcesBuildPhase;
			buildActionMask = 2147483647;
			files = (
				D8497E251585C4E500426273 /* InfoPlist.strings in Resources */,
				D8497E2E1585C4E500426273 /* MainStoryboard.storyboard in Resources */,
				D8497E3F1585C5BF00426273 /* README.md in Resources */,
				D8497E461585C84600426273 /* test.txt in Resources */,
				D8279CB3158618AE0084C8AA /* xkily.jpg in Resources */,
				D8F70B2C1586E4CB00A0C7EC /* 133941222622892.jpg in Resources */,
				D8F70B2D1586E4CB00A0C7EC /* 133941243718342.jpg in Resources */,
				D832B9FE15899A7B00B0301C /* ReadMe in Resources */,
				D8438143158AD995004A28C1 /* FZZhunYuan-M02T.ttf in Resources */,
				D8438145158ADB60004A28C1 /* STZHONGS.TTF in Resources */,
			);
			runOnlyForDeploymentPostprocessing = 0;
		};
/* End PBXResourcesBuildPhase section */

/* Begin PBXSourcesBuildPhase section */
		D8497E121585C4E400426273 /* Sources */ = {
			isa = PBXSourcesBuildPhase;
			buildActionMask = 2147483647;
			files = (
				D8497E271585C4E500426273 /* main.m in Sources */,
				D8497E2B1585C4E500426273 /* DaPengTi2AppDelegate.m in Sources */,
				D8497E311585C4E500426273 /* DaPengTi2ViewController.m in Sources */,
				D8497E3D1585C5BF00426273 /* HTMLNode.m in Sources */,
				D8497E3E1585C5BF00426273 /* HTMLParser.m in Sources */,
				D8497E4A1585C88300426273 /* PostView.m in Sources */,
				D8497E511585CA5200426273 /* MarkupParser.m in Sources */,
				D8279CAD1585E3170084C8AA /* PostColumnVIew.m in Sources */,
				D8887B5815883E1000BD0083 /* Post.m in Sources */,
				D809DA7015887B9A00051787 /* PostTableViewController.m in Sources */,
				D809DA78158882D100051787 /* PostCell.m in Sources */,
				D855AEDC1592B31B00407926 /* PostTitleView.m in Sources */,
				D8EADA39159993EF0066F51D /* Database.xcdatamodeld in Sources */,
			);
			runOnlyForDeploymentPostprocessing = 0;
		};
/* End PBXSourcesBuildPhase section */

/* Begin PBXVariantGroup section */
		D8497E231585C4E500426273 /* InfoPlist.strings */ = {
			isa = PBXVariantGroup;
			children = (
				D8497E241585C4E500426273 /* en */,
			);
			name = InfoPlist.strings;
			sourceTree = "<group>";
		};
		D8497E2C1585C4E500426273 /* MainStoryboard.storyboard */ = {
			isa = PBXVariantGroup;
			children = (
				D8497E2D1585C4E500426273 /* en */,
			);
			name = MainStoryboard.storyboard;
			sourceTree = "<group>";
		};
/* End PBXVariantGroup section */

/* Begin XCBuildConfiguration section */
		D8497E321585C4E500426273 /* Debug */ = {
			isa = XCBuildConfiguration;
			buildSettings = {
				ALWAYS_SEARCH_USER_PATHS = NO;
				ARCHS = "$(ARCHS_STANDARD_32_BIT)";
				CLANG_ENABLE_OBJC_ARC = YES;
				"CODE_SIGN_IDENTITY[sdk=iphoneos*]" = "iPhone Developer";
				COPY_PHASE_STRIP = NO;
				GCC_C_LANGUAGE_STANDARD = gnu99;
				GCC_DYNAMIC_NO_PIC = NO;
				GCC_OPTIMIZATION_LEVEL = 0;
				GCC_PREPROCESSOR_DEFINITIONS = (
					"DEBUG=1",
					"$(inherited)",
				);
				GCC_SYMBOLS_PRIVATE_EXTERN = NO;
				GCC_VERSION = com.apple.compilers.llvm.clang.1_0;
				GCC_WARN_ABOUT_RETURN_TYPE = YES;
				GCC_WARN_UNINITIALIZED_AUTOS = YES;
				GCC_WARN_UNUSED_VARIABLE = YES;
				HEADER_SEARCH_PATHS = "/usr/include/libxml2/**";
				IPHONEOS_DEPLOYMENT_TARGET = 5.1;
				SDKROOT = iphoneos;
				TARGETED_DEVICE_FAMILY = 2;
			};
			name = Debug;
		};
		D8497E331585C4E500426273 /* Release */ = {
			isa = XCBuildConfiguration;
			buildSettings = {
				ALWAYS_SEARCH_USER_PATHS = NO;
				ARCHS = "$(ARCHS_STANDARD_32_BIT)";
				CLANG_ENABLE_OBJC_ARC = YES;
				"CODE_SIGN_IDENTITY[sdk=iphoneos*]" = "iPhone Developer";
				COPY_PHASE_STRIP = YES;
				GCC_C_LANGUAGE_STANDARD = gnu99;
				GCC_VERSION = com.apple.compilers.llvm.clang.1_0;
				GCC_WARN_ABOUT_RETURN_TYPE = YES;
				GCC_WARN_UNINITIALIZED_AUTOS = YES;
				GCC_WARN_UNUSED_VARIABLE = YES;
				HEADER_SEARCH_PATHS = "/usr/include/libxml2/**";
				IPHONEOS_DEPLOYMENT_TARGET = 5.1;
				OTHER_CFLAGS = "-DNS_BLOCK_ASSERTIONS=1";
				SDKROOT = iphoneos;
				TARGETED_DEVICE_FAMILY = 2;
				VALIDATE_PRODUCT = YES;
			};
			name = Release;
		};
		D8497E351585C4E500426273 /* Debug */ = {
			isa = XCBuildConfiguration;
			buildSettings = {
				GCC_PRECOMPILE_PREFIX_HEADER = YES;
				GCC_PREFIX_HEADER = "DaPengTi2/DaPengTi2-Prefix.pch";
				INFOPLIST_FILE = "DaPengTi2/DaPengTi2-Info.plist";
				PRODUCT_NAME = "$(TARGET_NAME)";
				WRAPPER_EXTENSION = app;
			};
			name = Debug;
		};
		D8497E361585C4E500426273 /* Release */ = {
			isa = XCBuildConfiguration;
			buildSettings = {
				GCC_PRECOMPILE_PREFIX_HEADER = YES;
				GCC_PREFIX_HEADER = "DaPengTi2/DaPengTi2-Prefix.pch";
				INFOPLIST_FILE = "DaPengTi2/DaPengTi2-Info.plist";
				PRODUCT_NAME = "$(TARGET_NAME)";
				WRAPPER_EXTENSION = app;
			};
			name = Release;
		};
/* End XCBuildConfiguration section */

/* Begin XCConfigurationList section */
		D8497E101585C4E300426273 /* Build configuration list for PBXProject "DaPengTi2" */ = {
			isa = XCConfigurationList;
			buildConfigurations = (
				D8497E321585C4E500426273 /* Debug */,
				D8497E331585C4E500426273 /* Release */,
			);
			defaultConfigurationIsVisible = 0;
			defaultConfigurationName = Release;
		};
		D8497E341585C4E500426273 /* Build configuration list for PBXNativeTarget "DaPengTi2" */ = {
			isa = XCConfigurationList;
			buildConfigurations = (
				D8497E351585C4E500426273 /* Debug */,
				D8497E361585C4E500426273 /* Release */,
			);
			defaultConfigurationIsVisible = 0;
			defaultConfigurationName = Release;
		};
/* End XCConfigurationList section */

/* Begin XCVersionGroup section */
		D8EADA37159993EF0066F51D /* Database.xcdatamodeld */ = {
			isa = XCVersionGroup;
			children = (
				D8EADA38159993EF0066F51D /* DataBase.xcdatamodel */,
			);
			currentVersion = D8EADA38159993EF0066F51D /* DataBase.xcdatamodel */;
			name = Database.xcdatamodeld;
			path = DataBase.xcdatamodeld;
			sourceTree = "<group>";
			versionGroupType = wrapper.xcdatamodel;
		};
/* End XCVersionGroup section */
	};
	rootObject = D8497E0D1585C4E300426273 /* Project object */;
}
